// !$*UTF8*$!
{
	archiveVersion = 1;
	classes = {
	};
	objectVersion = 46;
	objects = {

/* Begin PBXBuildFile section */
		AD6DEBC21AB6C474009CDC60 /* AppDelegate.swift in Sources */ = {isa = PBXBuildFile; fileRef = AD6DEBC11AB6C474009CDC60 /* AppDelegate.swift */; };
		AD6DEBC51AB6C474009CDC60 /* InstantCurrency.xcdatamodeld in Sources */ = {isa = PBXBuildFile; fileRef = AD6DEBC31AB6C474009CDC60 /* InstantCurrency.xcdatamodeld */; };
		AD6DEBC71AB6C474009CDC60 /* ViewController.swift in Sources */ = {isa = PBXBuildFile; fileRef = AD6DEBC61AB6C474009CDC60 /* ViewController.swift */; };
		AD6DEBCA1AB6C474009CDC60 /* Main.storyboard in Resources */ = {isa = PBXBuildFile; fileRef = AD6DEBC81AB6C474009CDC60 /* Main.storyboard */; };
		AD6DEBCC1AB6C474009CDC60 /* Images.xcassets in Resources */ = {isa = PBXBuildFile; fileRef = AD6DEBCB1AB6C474009CDC60 /* Images.xcassets */; };
		AD6DEBCF1AB6C474009CDC60 /* LaunchScreen.xib in Resources */ = {isa = PBXBuildFile; fileRef = AD6DEBCD1AB6C474009CDC60 /* LaunchScreen.xib */; };
		AD6DEBDB1AB6C474009CDC60 /* InstantCurrencyTests.swift in Sources */ = {isa = PBXBuildFile; fileRef = AD6DEBDA1AB6C474009CDC60 /* InstantCurrencyTests.swift */; };
		AD6DEBEE1AB6C49C009CDC60 /* InterfaceController.swift in Sources */ = {isa = PBXBuildFile; fileRef = AD6DEBED1AB6C49C009CDC60 /* InterfaceController.swift */; };
		AD6DEBF01AB6C49C009CDC60 /* NotificationController.swift in Sources */ = {isa = PBXBuildFile; fileRef = AD6DEBEF1AB6C49C009CDC60 /* NotificationController.swift */; };
		AD6DEBF21AB6C49C009CDC60 /* Images.xcassets in Resources */ = {isa = PBXBuildFile; fileRef = AD6DEBF11AB6C49C009CDC60 /* Images.xcassets */; };
		AD6DEBF61AB6C49C009CDC60 /* InstantCurrency WatchKit App.app in Resources */ = {isa = PBXBuildFile; fileRef = AD6DEBF51AB6C49C009CDC60 /* InstantCurrency WatchKit App.app */; };
		AD6DEBFE1AB6C49C009CDC60 /* Interface.storyboard in Resources */ = {isa = PBXBuildFile; fileRef = AD6DEBFC1AB6C49C009CDC60 /* Interface.storyboard */; };
		AD6DEC001AB6C49C009CDC60 /* Images.xcassets in Resources */ = {isa = PBXBuildFile; fileRef = AD6DEBFF1AB6C49C009CDC60 /* Images.xcassets */; };
		AD6DEC031AB6C49C009CDC60 /* InstantCurrency WatchKit Extension.appex in Embed App Extensions */ = {isa = PBXBuildFile; fileRef = AD6DEBE81AB6C49C009CDC60 /* InstantCurrency WatchKit Extension.appex */; settings = {ATTRIBUTES = (RemoveHeadersOnCopy, ); }; };
		AD6DEC0C1AB6C8A1009CDC60 /* TableRowController.swift in Sources */ = {isa = PBXBuildFile; fileRef = AD6DEC0B1AB6C8A1009CDC60 /* TableRowController.swift */; };
/* End PBXBuildFile section */

/* Begin PBXContainerItemProxy section */
		AD6DEBD51AB6C474009CDC60 /* PBXContainerItemProxy */ = {
			isa = PBXContainerItemProxy;
			containerPortal = AD6DEBB41AB6C474009CDC60 /* Project object */;
			proxyType = 1;
			remoteGlobalIDString = AD6DEBBB1AB6C474009CDC60;
			remoteInfo = InstantCurrency;
		};
		AD6DEBF71AB6C49C009CDC60 /* PBXContainerItemProxy */ = {
			isa = PBXContainerItemProxy;
			containerPortal = AD6DEBB41AB6C474009CDC60 /* Project object */;
			proxyType = 1;
			remoteGlobalIDString = AD6DEBF41AB6C49C009CDC60;
			remoteInfo = "InstantCurrency WatchKit App";
		};
		AD6DEC011AB6C49C009CDC60 /* PBXContainerItemProxy */ = {
			isa = PBXContainerItemProxy;
			containerPortal = AD6DEBB41AB6C474009CDC60 /* Project object */;
			proxyType = 1;
			remoteGlobalIDString = AD6DEBE71AB6C49C009CDC60;
			remoteInfo = "InstantCurrency WatchKit Extension";
		};
/* End PBXContainerItemProxy section */

/* Begin PBXCopyFilesBuildPhase section */
		AD6DEC0A1AB6C49C009CDC60 /* Embed App Extensions */ = {
			isa = PBXCopyFilesBuildPhase;
			buildActionMask = 2147483647;
			dstPath = "";
			dstSubfolderSpec = 13;
			files = (
				AD6DEC031AB6C49C009CDC60 /* InstantCurrency WatchKit Extension.appex in Embed App Extensions */,
			);
			name = "Embed App Extensions";
			runOnlyForDeploymentPostprocessing = 0;
		};
/* End PBXCopyFilesBuildPhase section */

/* Begin PBXFileReference section */
		AD6DEBBC1AB6C474009CDC60 /* InstantCurrency.app */ = {isa = PBXFileReference; explicitFileType = wrapper.application; includeInIndex = 0; path = InstantCurrency.app; sourceTree = BUILT_PRODUCTS_DIR; };
		AD6DEBC01AB6C474009CDC60 /* Info.plist */ = {isa = PBXFileReference; lastKnownFileType = text.plist.xml; path = Info.plist; sourceTree = "<group>"; };
		AD6DEBC11AB6C474009CDC60 /* AppDelegate.swift */ = {isa = PBXFileReference; lastKnownFileType = sourcecode.swift; path = AppDelegate.swift; sourceTree = "<group>"; };
		AD6DEBC41AB6C474009CDC60 /* InstantCurrency.xcdatamodel */ = {isa = PBXFileReference; lastKnownFileType = wrapper.xcdatamodel; path = InstantCurrency.xcdatamodel; sourceTree = "<group>"; };
		AD6DEBC61AB6C474009CDC60 /* ViewController.swift */ = {isa = PBXFileReference; lastKnownFileType = sourcecode.swift; path = ViewController.swift; sourceTree = "<group>"; };
		AD6DEBC91AB6C474009CDC60 /* Base */ = {isa = PBXFileReference; lastKnownFileType = file.storyboard; name = Base; path = Base.lproj/Main.storyboard; sourceTree = "<group>"; };
		AD6DEBCB1AB6C474009CDC60 /* Images.xcassets */ = {isa = PBXFileReference; lastKnownFileType = folder.assetcatalog; path = Images.xcassets; sourceTree = "<group>"; };
		AD6DEBCE1AB6C474009CDC60 /* Base */ = {isa = PBXFileReference; lastKnownFileType = file.xib; name = Base; path = Base.lproj/LaunchScreen.xib; sourceTree = "<group>"; };
		AD6DEBD41AB6C474009CDC60 /* InstantCurrencyTests.xctest */ = {isa = PBXFileReference; explicitFileType = wrapper.cfbundle; includeInIndex = 0; path = InstantCurrencyTests.xctest; sourceTree = BUILT_PRODUCTS_DIR; };
		AD6DEBD91AB6C474009CDC60 /* Info.plist */ = {isa = PBXFileReference; lastKnownFileType = text.plist.xml; path = Info.plist; sourceTree = "<group>"; };
		AD6DEBDA1AB6C474009CDC60 /* InstantCurrencyTests.swift */ = {isa = PBXFileReference; lastKnownFileType = sourcecode.swift; path = InstantCurrencyTests.swift; sourceTree = "<group>"; };
		AD6DEBE81AB6C49C009CDC60 /* InstantCurrency WatchKit Extension.appex */ = {isa = PBXFileReference; explicitFileType = "wrapper.app-extension"; includeInIndex = 0; path = "InstantCurrency WatchKit Extension.appex"; sourceTree = BUILT_PRODUCTS_DIR; };
		AD6DEBEB1AB6C49C009CDC60 /* Info.plist */ = {isa = PBXFileReference; lastKnownFileType = text.plist.xml; path = Info.plist; sourceTree = "<group>"; };
		AD6DEBEC1AB6C49C009CDC60 /* PushNotificationPayload.apns */ = {isa = PBXFileReference; lastKnownFileType = text; path = PushNotificationPayload.apns; sourceTree = "<group>"; };
		AD6DEBED1AB6C49C009CDC60 /* InterfaceController.swift */ = {isa = PBXFileReference; lastKnownFileType = sourcecode.swift; path = InterfaceController.swift; sourceTree = "<group>"; };
		AD6DEBEF1AB6C49C009CDC60 /* NotificationController.swift */ = {isa = PBXFileReference; lastKnownFileType = sourcecode.swift; path = NotificationController.swift; sourceTree = "<group>"; };
		AD6DEBF11AB6C49C009CDC60 /* Images.xcassets */ = {isa = PBXFileReference; lastKnownFileType = folder.assetcatalog; path = Images.xcassets; sourceTree = "<group>"; };
		AD6DEBF51AB6C49C009CDC60 /* InstantCurrency WatchKit App.app */ = {isa = PBXFileReference; explicitFileType = wrapper.application; includeInIndex = 0; path = "InstantCurrency WatchKit App.app"; sourceTree = BUILT_PRODUCTS_DIR; };
		AD6DEBFB1AB6C49C009CDC60 /* Info.plist */ = {isa = PBXFileReference; lastKnownFileType = text.plist.xml; path = Info.plist; sourceTree = "<group>"; };
		AD6DEBFD1AB6C49C009CDC60 /* Base */ = {isa = PBXFileReference; lastKnownFileType = file.storyboard; name = Base; path = Base.lproj/Interface.storyboard; sourceTree = "<group>"; };
		AD6DEBFF1AB6C49C009CDC60 /* Images.xcassets */ = {isa = PBXFileReference; lastKnownFileType = folder.assetcatalog; path = Images.xcassets; sourceTree = "<group>"; };
		AD6DEC0B1AB6C8A1009CDC60 /* TableRowController.swift */ = {isa = PBXFileReference; fileEncoding = 4; lastKnownFileType = sourcecode.swift; path = TableRowController.swift; sourceTree = "<group>"; };
/* End PBXFileReference section */

/* Begin PBXFrameworksBuildPhase section */
		AD6DEBB91AB6C474009CDC60 /* Frameworks */ = {
			isa = PBXFrameworksBuildPhase;
			buildActionMask = 2147483647;
			files = (
			);
			runOnlyForDeploymentPostprocessing = 0;
		};
		AD6DEBD11AB6C474009CDC60 /* Frameworks */ = {
			isa = PBXFrameworksBuildPhase;
			buildActionMask = 2147483647;
			files = (
			);
			runOnlyForDeploymentPostprocessing = 0;
		};
		AD6DEBE51AB6C49C009CDC60 /* Frameworks */ = {
			isa = PBXFrameworksBuildPhase;
			buildActionMask = 2147483647;
			files = (
			);
			runOnlyForDeploymentPostprocessing = 0;
		};
/* End PBXFrameworksBuildPhase section */

/* Begin PBXGroup section */
		AD6DEBB31AB6C474009CDC60 = {
			isa = PBXGroup;
			children = (
				AD6DEBBE1AB6C474009CDC60 /* InstantCurrency */,
				AD6DEBD71AB6C474009CDC60 /* InstantCurrencyTests */,
				AD6DEBE91AB6C49C009CDC60 /* InstantCurrency WatchKit Extension */,
				AD6DEBF91AB6C49C009CDC60 /* InstantCurrency WatchKit App */,
				AD6DEBBD1AB6C474009CDC60 /* Products */,
			);
			sourceTree = "<group>";
		};
		AD6DEBBD1AB6C474009CDC60 /* Products */ = {
			isa = PBXGroup;
			children = (
				AD6DEBBC1AB6C474009CDC60 /* InstantCurrency.app */,
				AD6DEBD41AB6C474009CDC60 /* InstantCurrencyTests.xctest */,
				AD6DEBE81AB6C49C009CDC60 /* InstantCurrency WatchKit Extension.appex */,
				AD6DEBF51AB6C49C009CDC60 /* InstantCurrency WatchKit App.app */,
			);
			name = Products;
			sourceTree = "<group>";
		};
		AD6DEBBE1AB6C474009CDC60 /* InstantCurrency */ = {
			isa = PBXGroup;
			children = (
				AD6DEBC11AB6C474009CDC60 /* AppDelegate.swift */,
				AD6DEBC61AB6C474009CDC60 /* ViewController.swift */,
				AD6DEBC81AB6C474009CDC60 /* Main.storyboard */,
				AD6DEBCB1AB6C474009CDC60 /* Images.xcassets */,
				AD6DEBCD1AB6C474009CDC60 /* LaunchScreen.xib */,
				AD6DEBC31AB6C474009CDC60 /* InstantCurrency.xcdatamodeld */,
				AD6DEBBF1AB6C474009CDC60 /* Supporting Files */,
			);
			path = InstantCurrency;
			sourceTree = "<group>";
		};
		AD6DEBBF1AB6C474009CDC60 /* Supporting Files */ = {
			isa = PBXGroup;
			children = (
				AD6DEBC01AB6C474009CDC60 /* Info.plist */,
			);
			name = "Supporting Files";
			sourceTree = "<group>";
		};
		AD6DEBD71AB6C474009CDC60 /* InstantCurrencyTests */ = {
			isa = PBXGroup;
			children = (
				AD6DEBDA1AB6C474009CDC60 /* InstantCurrencyTests.swift */,
				AD6DEBD81AB6C474009CDC60 /* Supporting Files */,
			);
			path = InstantCurrencyTests;
			sourceTree = "<group>";
		};
		AD6DEBD81AB6C474009CDC60 /* Supporting Files */ = {
			isa = PBXGroup;
			children = (
				AD6DEBD91AB6C474009CDC60 /* Info.plist */,
			);
			name = "Supporting Files";
			sourceTree = "<group>";
		};
		AD6DEBE91AB6C49C009CDC60 /* InstantCurrency WatchKit Extension */ = {
			isa = PBXGroup;
			children = (
				AD6DEC0B1AB6C8A1009CDC60 /* TableRowController.swift */,
				AD6DEBED1AB6C49C009CDC60 /* InterfaceController.swift */,
				AD6DEBEF1AB6C49C009CDC60 /* NotificationController.swift */,
				AD6DEBF11AB6C49C009CDC60 /* Images.xcassets */,
				AD6DEBEA1AB6C49C009CDC60 /* Supporting Files */,
			);
			path = "InstantCurrency WatchKit Extension";
			sourceTree = "<group>";
		};
		AD6DEBEA1AB6C49C009CDC60 /* Supporting Files */ = {
			isa = PBXGroup;
			children = (
				AD6DEBEB1AB6C49C009CDC60 /* Info.plist */,
				AD6DEBEC1AB6C49C009CDC60 /* PushNotificationPayload.apns */,
			);
			name = "Supporting Files";
			sourceTree = "<group>";
		};
		AD6DEBF91AB6C49C009CDC60 /* InstantCurrency WatchKit App */ = {
			isa = PBXGroup;
			children = (
				AD6DEBFC1AB6C49C009CDC60 /* Interface.storyboard */,
				AD6DEBFF1AB6C49C009CDC60 /* Images.xcassets */,
				AD6DEBFA1AB6C49C009CDC60 /* Supporting Files */,
			);
			path = "InstantCurrency WatchKit App";
			sourceTree = "<group>";
		};
		AD6DEBFA1AB6C49C009CDC60 /* Supporting Files */ = {
			isa = PBXGroup;
			children = (
				AD6DEBFB1AB6C49C009CDC60 /* Info.plist */,
			);
			name = "Supporting Files";
			sourceTree = "<group>";
		};
/* End PBXGroup section */

/* Begin PBXNativeTarget section */
		AD6DEBBB1AB6C474009CDC60 /* InstantCurrency */ = {
			isa = PBXNativeTarget;
			buildConfigurationList = AD6DEBDE1AB6C474009CDC60 /* Build configuration list for PBXNativeTarget "InstantCurrency" */;
			buildPhases = (
				AD6DEBB81AB6C474009CDC60 /* Sources */,
				AD6DEBB91AB6C474009CDC60 /* Frameworks */,
				AD6DEBBA1AB6C474009CDC60 /* Resources */,
				AD6DEC0A1AB6C49C009CDC60 /* Embed App Extensions */,
			);
			buildRules = (
			);
			dependencies = (
				AD6DEC021AB6C49C009CDC60 /* PBXTargetDependency */,
			);
			name = InstantCurrency;
			productName = InstantCurrency;
			productReference = AD6DEBBC1AB6C474009CDC60 /* InstantCurrency.app */;
			productType = "com.apple.product-type.application";
		};
		AD6DEBD31AB6C474009CDC60 /* InstantCurrencyTests */ = {
			isa = PBXNativeTarget;
			buildConfigurationList = AD6DEBE11AB6C474009CDC60 /* Build configuration list for PBXNativeTarget "InstantCurrencyTests" */;
			buildPhases = (
				AD6DEBD01AB6C474009CDC60 /* Sources */,
				AD6DEBD11AB6C474009CDC60 /* Frameworks */,
				AD6DEBD21AB6C474009CDC60 /* Resources */,
			);
			buildRules = (
			);
			dependencies = (
				AD6DEBD61AB6C474009CDC60 /* PBXTargetDependency */,
			);
			name = InstantCurrencyTests;
			productName = InstantCurrencyTests;
			productReference = AD6DEBD41AB6C474009CDC60 /* InstantCurrencyTests.xctest */;
			productType = "com.apple.product-type.bundle.unit-test";
		};
		AD6DEBE71AB6C49C009CDC60 /* InstantCurrency WatchKit Extension */ = {
			isa = PBXNativeTarget;
			buildConfigurationList = AD6DEC071AB6C49C009CDC60 /* Build configuration list for PBXNativeTarget "InstantCurrency WatchKit Extension" */;
			buildPhases = (
				AD6DEBE41AB6C49C009CDC60 /* Sources */,
				AD6DEBE51AB6C49C009CDC60 /* Frameworks */,
				AD6DEBE61AB6C49C009CDC60 /* Resources */,
			);
			buildRules = (
			);
			dependencies = (
				AD6DEBF81AB6C49C009CDC60 /* PBXTargetDependency */,
			);
			name = "InstantCurrency WatchKit Extension";
			productName = "InstantCurrency WatchKit Extension";
			productReference = AD6DEBE81AB6C49C009CDC60 /* InstantCurrency WatchKit Extension.appex */;
			productType = "com.apple.product-type.watchkit-extension";
		};
		AD6DEBF41AB6C49C009CDC60 /* InstantCurrency WatchKit App */ = {
			isa = PBXNativeTarget;
			buildConfigurationList = AD6DEC041AB6C49C009CDC60 /* Build configuration list for PBXNativeTarget "InstantCurrency WatchKit App" */;
			buildPhases = (
				AD6DEBF31AB6C49C009CDC60 /* Resources */,
			);
			buildRules = (
			);
			dependencies = (
			);
			name = "InstantCurrency WatchKit App";
			productName = "InstantCurrency WatchKit App";
			productReference = AD6DEBF51AB6C49C009CDC60 /* InstantCurrency WatchKit App.app */;
			productType = "com.apple.product-type.application.watchapp";
		};
/* End PBXNativeTarget section */

/* Begin PBXProject section */
		AD6DEBB41AB6C474009CDC60 /* Project object */ = {
			isa = PBXProject;
			attributes = {
				LastUpgradeCheck = 0620;
				ORGANIZATIONNAME = "Ice House";
				TargetAttributes = {
					AD6DEBBB1AB6C474009CDC60 = {
						CreatedOnToolsVersion = 6.2;
					};
					AD6DEBD31AB6C474009CDC60 = {
						CreatedOnToolsVersion = 6.2;
						TestTargetID = AD6DEBBB1AB6C474009CDC60;
					};
					AD6DEBE71AB6C49C009CDC60 = {
						CreatedOnToolsVersion = 6.2;
					};
					AD6DEBF41AB6C49C009CDC60 = {
						CreatedOnToolsVersion = 6.2;
					};
				};
			};
			buildConfigurationList = AD6DEBB71AB6C474009CDC60 /* Build configuration list for PBXProject "InstantCurrency" */;
			compatibilityVersion = "Xcode 3.2";
			developmentRegion = English;
			hasScannedForEncodings = 0;
			knownRegions = (
				en,
				Base,
			);
			mainGroup = AD6DEBB31AB6C474009CDC60;
			productRefGroup = AD6DEBBD1AB6C474009CDC60 /* Products */;
			projectDirPath = "";
			projectRoot = "";
			targets = (
				AD6DEBBB1AB6C474009CDC60 /* InstantCurrency */,
				AD6DEBD31AB6C474009CDC60 /* InstantCurrencyTests */,
				AD6DEBE71AB6C49C009CDC60 /* InstantCurrency WatchKit Extension */,
				AD6DEBF41AB6C49C009CDC60 /* InstantCurrency WatchKit App */,
			);
		};
/* End PBXProject section */

/* Begin PBXResourcesBuildPhase section */
		AD6DEBBA1AB6C474009CDC60 /* Resources */ = {
			isa = PBXResourcesBuildPhase;
			buildActionMask = 2147483647;
			files = (
				AD6DEBCA1AB6C474009CDC60 /* Main.storyboard in Resources */,
				AD6DEBCF1AB6C474009CDC60 /* LaunchScreen.xib in Resources */,
				AD6DEBCC1AB6C474009CDC60 /* Images.xcassets in Resources */,
			);
			runOnlyForDeploymentPostprocessing = 0;
		};
		AD6DEBD21AB6C474009CDC60 /* Resources */ = {
			isa = PBXResourcesBuildPhase;
			buildActionMask = 2147483647;
			files = (
			);
			runOnlyForDeploymentPostprocessing = 0;
		};
		AD6DEBE61AB6C49C009CDC60 /* Resources */ = {
			isa = PBXResourcesBuildPhase;
			buildActionMask = 2147483647;
			files = (
				AD6DEBF61AB6C49C009CDC60 /* InstantCurrency WatchKit App.app in Resources */,
				AD6DEBF21AB6C49C009CDC60 /* Images.xcassets in Resources */,
			);
			runOnlyForDeploymentPostprocessing = 0;
		};
		AD6DEBF31AB6C49C009CDC60 /* Resources */ = {
			isa = PBXResourcesBuildPhase;
			buildActionMask = 2147483647;
			files = (
				AD6DEBFE1AB6C49C009CDC60 /* Interface.storyboard in Resources */,
				AD6DEC001AB6C49C009CDC60 /* Images.xcassets in Resources */,
			);
			runOnlyForDeploymentPostprocessing = 0;
		};
/* End PBXResourcesBuildPhase section */

/* Begin PBXSourcesBuildPhase section */
		AD6DEBB81AB6C474009CDC60 /* Sources */ = {
			isa = PBXSourcesBuildPhase;
			buildActionMask = 2147483647;
			files = (
				AD6DEBC71AB6C474009CDC60 /* ViewController.swift in Sources */,
				AD6DEBC51AB6C474009CDC60 /* InstantCurrency.xcdatamodeld in Sources */,
				AD6DEBC21AB6C474009CDC60 /* AppDelegate.swift in Sources */,
			);
			runOnlyForDeploymentPostprocessing = 0;
		};
		AD6DEBD01AB6C474009CDC60 /* Sources */ = {
			isa = PBXSourcesBuildPhase;
			buildActionMask = 2147483647;
			files = (
				AD6DEBDB1AB6C474009CDC60 /* InstantCurrencyTests.swift in Sources */,
			);
			runOnlyForDeploymentPostprocessing = 0;
		};
		AD6DEBE41AB6C49C009CDC60 /* Sources */ = {
			isa = PBXSourcesBuildPhase;
			buildActionMask = 2147483647;
			files = (
				AD6DEBF01AB6C49C009CDC60 /* NotificationController.swift in Sources */,
				AD6DEC0C1AB6C8A1009CDC60 /* TableRowController.swift in Sources */,
				AD6DEBEE1AB6C49C009CDC60 /* InterfaceController.swift in Sources */,
			);
			runOnlyForDeploymentPostprocessing = 0;
		};
/* End PBXSourcesBuildPhase section */

/* Begin PBXTargetDependency section */
		AD6DEBD61AB6C474009CDC60 /* PBXTargetDependency */ = {
			isa = PBXTargetDependency;
			target = AD6DEBBB1AB6C474009CDC60 /* InstantCurrency */;
			targetProxy = AD6DEBD51AB6C474009CDC60 /* PBXContainerItemProxy */;
		};
		AD6DEBF81AB6C49C009CDC60 /* PBXTargetDependency */ = {
			isa = PBXTargetDependency;
			target = AD6DEBF41AB6C49C009CDC60 /* InstantCurrency WatchKit App */;
			targetProxy = AD6DEBF71AB6C49C009CDC60 /* PBXContainerItemProxy */;
		};
		AD6DEC021AB6C49C009CDC60 /* PBXTargetDependency */ = {
			isa = PBXTargetDependency;
			target = AD6DEBE71AB6C49C009CDC60 /* InstantCurrency WatchKit Extension */;
			targetProxy = AD6DEC011AB6C49C009CDC60 /* PBXContainerItemProxy */;
		};
/* End PBXTargetDependency section */

/* Begin PBXVariantGroup section */
		AD6DEBC81AB6C474009CDC60 /* Main.storyboard */ = {
			isa = PBXVariantGroup;
			children = (
				AD6DEBC91AB6C474009CDC60 /* Base */,
			);
			name = Main.storyboard;
			sourceTree = "<group>";
		};
		AD6DEBCD1AB6C474009CDC60 /* LaunchScreen.xib */ = {
			isa = PBXVariantGroup;
			children = (
				AD6DEBCE1AB6C474009CDC60 /* Base */,
			);
			name = LaunchScreen.xib;
			sourceTree = "<group>";
		};
		AD6DEBFC1AB6C49C009CDC60 /* Interface.storyboard */ = {
			isa = PBXVariantGroup;
			children = (
				AD6DEBFD1AB6C49C009CDC60 /* Base */,
			);
			name = Interface.storyboard;
			sourceTree = "<group>";
		};
/* End PBXVariantGroup section */

/* Begin XCBuildConfiguration section */
		AD6DEBDC1AB6C474009CDC60 /* Debug */ = {
			isa = XCBuildConfiguration;
			buildSettings = {
				ALWAYS_SEARCH_USER_PATHS = NO;
				CLANG_CXX_LANGUAGE_STANDARD = "gnu++0x";
				CLANG_CXX_LIBRARY = "libc++";
				CLANG_ENABLE_MODULES = YES;
				CLANG_ENABLE_OBJC_ARC = YES;
				CLANG_WARN_BOOL_CONVERSION = YES;
				CLANG_WARN_CONSTANT_CONVERSION = YES;
				CLANG_WARN_DIRECT_OBJC_ISA_USAGE = YES_ERROR;
				CLANG_WARN_EMPTY_BODY = YES;
				CLANG_WARN_ENUM_CONVERSION = YES;
				CLANG_WARN_INT_CONVERSION = YES;
				CLANG_WARN_OBJC_ROOT_CLASS = YES_ERROR;
				CLANG_WARN_UNREACHABLE_CODE = YES;
				CLANG_WARN__DUPLICATE_METHOD_MATCH = YES;
				"CODE_SIGN_IDENTITY[sdk=iphoneos*]" = "iPhone Developer";
				COPY_PHASE_STRIP = NO;
				ENABLE_STRICT_OBJC_MSGSEND = YES;
				GCC_C_LANGUAGE_STANDARD = gnu99;
				GCC_DYNAMIC_NO_PIC = NO;
				GCC_OPTIMIZATION_LEVEL = 0;
				GCC_PREPROCESSOR_DEFINITIONS = (
					"DEBUG=1",
					"$(inherited)",
				);
				GCC_SYMBOLS_PRIVATE_EXTERN = NO;
				GCC_WARN_64_TO_32_BIT_CONVERSION = YES;
				GCC_WARN_ABOUT_RETURN_TYPE = YES_ERROR;
				GCC_WARN_UNDECLARED_SELECTOR = YES;
				GCC_WARN_UNINITIALIZED_AUTOS = YES_AGGRESSIVE;
				GCC_WARN_UNUSED_FUNCTION = YES;
				GCC_WARN_UNUSED_VARIABLE = YES;
				IPHONEOS_DEPLOYMENT_TARGET = 8.2;
				MTL_ENABLE_DEBUG_INFO = YES;
				ONLY_ACTIVE_ARCH = YES;
				SDKROOT = iphoneos;
				SWIFT_OPTIMIZATION_LEVEL = "-Onone";
			};
			name = Debug;
		};
		AD6DEBDD1AB6C474009CDC60 /* Release */ = {
			isa = XCBuildConfiguration;
			buildSettings = {
				ALWAYS_SEARCH_USER_PATHS = NO;
				CLANG_CXX_LANGUAGE_STANDARD = "gnu++0x";
				CLANG_CXX_LIBRARY = "libc++";
				CLANG_ENABLE_MODULES = YES;
				CLANG_ENABLE_OBJC_ARC = YES;
				CLANG_WARN_BOOL_CONVERSION = YES;
				CLANG_WARN_CONSTANT_CONVERSION = YES;
				CLANG_WARN_DIRECT_OBJC_ISA_USAGE = YES_ERROR;
				CLANG_WARN_EMPTY_BODY = YES;
				CLANG_WARN_ENUM_CONVERSION = YES;
				CLANG_WARN_INT_CONVERSION = YES;
				CLANG_WARN_OBJC_ROOT_CLASS = YES_ERROR;
				CLANG_WARN_UNREACHABLE_CODE = YES;
				CLANG_WARN__DUPLICATE_METHOD_MATCH = YES;
				"CODE_SIGN_IDENTITY[sdk=iphoneos*]" = "iPhone Developer";
				COPY_PHASE_STRIP = NO;
				ENABLE_NS_ASSERTIONS = NO;
				ENABLE_STRICT_OBJC_MSGSEND = YES;
				GCC_C_LANGUAGE_STANDARD = gnu99;
				GCC_WARN_64_TO_32_BIT_CONVERSION = YES;
				GCC_WARN_ABOUT_RETURN_TYPE = YES_ERROR;
				GCC_WARN_UNDECLARED_SELECTOR = YES;
				GCC_WARN_UNINITIALIZED_AUTOS = YES_AGGRESSIVE;
				GCC_WARN_UNUSED_FUNCTION = YES;
				GCC_WARN_UNUSED_VARIABLE = YES;
				IPHONEOS_DEPLOYMENT_TARGET = 8.2;
				MTL_ENABLE_DEBUG_INFO = NO;
				SDKROOT = iphoneos;
				VALIDATE_PRODUCT = YES;
			};
			name = Release;
		};
		AD6DEBDF1AB6C474009CDC60 /* Debug */ = {
			isa = XCBuildConfiguration;
			buildSettings = {
				ASSETCATALOG_COMPILER_APPICON_NAME = AppIcon;
				EMBEDDED_CONTENT_CONTAINS_SWIFT = YES;
				INFOPLIST_FILE = InstantCurrency/Info.plist;
				LD_RUNPATH_SEARCH_PATHS = "$(inherited) @executable_path/Frameworks";
				PRODUCT_NAME = "$(TARGET_NAME)";
			};
			name = Debug;
		};
		AD6DEBE01AB6C474009CDC60 /* Release */ = {
			isa = XCBuildConfiguration;
			buildSettings = {
				ASSETCATALOG_COMPILER_APPICON_NAME = AppIcon;
				EMBEDDED_CONTENT_CONTAINS_SWIFT = YES;
				INFOPLIST_FILE = InstantCurrency/Info.plist;
				LD_RUNPATH_SEARCH_PATHS = "$(inherited) @executable_path/Frameworks";
				PRODUCT_NAME = "$(TARGET_NAME)";
			};
			name = Release;
		};
		AD6DEBE21AB6C474009CDC60 /* Debug */ = {
			isa = XCBuildConfiguration;
			buildSettings = {
				BUNDLE_LOADER = "$(TEST_HOST)";
				FRAMEWORK_SEARCH_PATHS = (
					"$(SDKROOT)/Developer/Library/Frameworks",
					"$(inherited)",
				);
				GCC_PREPROCESSOR_DEFINITIONS = (
					"DEBUG=1",
					"$(inherited)",
				);
				INFOPLIST_FILE = InstantCurrencyTests/Info.plist;
				LD_RUNPATH_SEARCH_PATHS = "$(inherited) @executable_path/Frameworks @loader_path/Frameworks";
				PRODUCT_NAME = "$(TARGET_NAME)";
				TEST_HOST = "$(BUILT_PRODUCTS_DIR)/InstantCurrency.app/InstantCurrency";
			};
			name = Debug;
		};
		AD6DEBE31AB6C474009CDC60 /* Release */ = {
			isa = XCBuildConfiguration;
			buildSettings = {
				BUNDLE_LOADER = "$(TEST_HOST)";
				FRAMEWORK_SEARCH_PATHS = (
					"$(SDKROOT)/Developer/Library/Frameworks",
					"$(inherited)",
				);
				INFOPLIST_FILE = InstantCurrencyTests/Info.plist;
				LD_RUNPATH_SEARCH_PATHS = "$(inherited) @executable_path/Frameworks @loader_path/Frameworks";
				PRODUCT_NAME = "$(TARGET_NAME)";
				TEST_HOST = "$(BUILT_PRODUCTS_DIR)/InstantCurrency.app/InstantCurrency";
			};
			name = Release;
		};
		AD6DEC051AB6C49C009CDC60 /* Debug */ = {
			isa = XCBuildConfiguration;
			buildSettings = {
				ASSETCATALOG_COMPILER_APPICON_NAME = AppIcon;
				GCC_PREPROCESSOR_DEFINITIONS = (
					"DEBUG=1",
					"$(inherited)",
				);
				IBSC_MODULE = InstantCurrency_WatchKit_Extension;
				INFOPLIST_FILE = "InstantCurrency WatchKit App/Info.plist";
				PRODUCT_NAME = "$(TARGET_NAME)";
				SKIP_INSTALL = YES;
				TARGETED_DEVICE_FAMILY = 4;
				"TARGETED_DEVICE_FAMILY[sdk=iphonesimulator*]" = "1,4";
			};
			name = Debug;
		};
		AD6DEC061AB6C49C009CDC60 /* Release */ = {
			isa = XCBuildConfiguration;
			buildSettings = {
				ASSETCATALOG_COMPILER_APPICON_NAME = AppIcon;
				IBSC_MODULE = InstantCurrency_WatchKit_Extension;
				INFOPLIST_FILE = "InstantCurrency WatchKit App/Info.plist";
				PRODUCT_NAME = "$(TARGET_NAME)";
				SKIP_INSTALL = YES;
				TARGETED_DEVICE_FAMILY = 4;
				"TARGETED_DEVICE_FAMILY[sdk=iphonesimulator*]" = "1,4";
			};
			name = Release;
		};
		AD6DEC081AB6C49C009CDC60 /* Debug */ = {
			isa = XCBuildConfiguration;
			buildSettings = {
				GCC_PREPROCESSOR_DEFINITIONS = (
					"DEBUG=1",
					"$(inherited)",
				);
				INFOPLIST_FILE = "InstantCurrency WatchKit Extension/Info.plist";
				LD_RUNPATH_SEARCH_PATHS = "$(inherited) @executable_path/Frameworks @executable_path/../../Frameworks";
				PRODUCT_NAME = "${TARGET_NAME}";
				SKIP_INSTALL = YES;
			};
			name = Debug;
		};
		AD6DEC091AB6C49C009CDC60 /* Release */ = {
			isa = XCBuildConfiguration;
			buildSettings = {
				INFOPLIST_FILE = "InstantCurrency WatchKit Extension/Info.plist";
				LD_RUNPATH_SEARCH_PATHS = "$(inherited) @executable_path/Frameworks @executable_path/../../Frameworks";
				PRODUCT_NAME = "${TARGET_NAME}";
				SKIP_INSTALL = YES;
			};
			name = Release;
		};
/* End XCBuildConfiguration section */

/* Begin XCConfigurationList section */
		AD6DEBB71AB6C474009CDC60 /* Build configuration list for PBXProject "InstantCurrency" */ = {
			isa = XCConfigurationList;
			buildConfigurations = (
				AD6DEBDC1AB6C474009CDC60 /* Debug */,
				AD6DEBDD1AB6C474009CDC60 /* Release */,
			);
			defaultConfigurationIsVisible = 0;
			defaultConfigurationName = Release;
		};
		AD6DEBDE1AB6C474009CDC60 /* Build configuration list for PBXNativeTarget "InstantCurrency" */ = {
			isa = XCConfigurationList;
			buildConfigurations = (
				AD6DEBDF1AB6C474009CDC60 /* Debug */,
				AD6DEBE01AB6C474009CDC60 /* Release */,
			);
			defaultConfigurationIsVisible = 0;
		};
		AD6DEBE11AB6C474009CDC60 /* Build configuration list for PBXNativeTarget "InstantCurrencyTests" */ = {
			isa = XCConfigurationList;
			buildConfigurations = (
				AD6DEBE21AB6C474009CDC60 /* Debug */,
				AD6DEBE31AB6C474009CDC60 /* Release */,
			);
			defaultConfigurationIsVisible = 0;
		};
		AD6DEC041AB6C49C009CDC60 /* Build configuration list for PBXNativeTarget "InstantCurrency WatchKit App" */ = {
			isa = XCConfigurationList;
			buildConfigurations = (
				AD6DEC051AB6C49C009CDC60 /* Debug */,
				AD6DEC061AB6C49C009CDC60 /* Release */,
			);
			defaultConfigurationIsVisible = 0;
		};
		AD6DEC071AB6C49C009CDC60 /* Build configuration list for PBXNativeTarget "InstantCurrency WatchKit Extension" */ = {
			isa = XCConfigurationList;
			buildConfigurations = (
				AD6DEC081AB6C49C009CDC60 /* Debug */,
				AD6DEC091AB6C49C009CDC60 /* Release */,
			);
			defaultConfigurationIsVisible = 0;
		};
/* End XCConfigurationList section */

/* Begin XCVersionGroup section */
		AD6DEBC31AB6C474009CDC60 /* InstantCurrency.xcdatamodeld */ = {
			isa = XCVersionGroup;
			children = (
				AD6DEBC41AB6C474009CDC60 /* InstantCurrency.xcdatamodel */,
			);
			currentVersion = AD6DEBC41AB6C474009CDC60 /* InstantCurrency.xcdatamodel */;
			path = InstantCurrency.xcdatamodeld;
			sourceTree = "<group>";
			versionGroupType = wrapper.xcdatamodel;
		};
/* End XCVersionGroup section */
	};
	rootObject = AD6DEBB41AB6C474009CDC60 /* Project object */;
}
